
Microsoft Visual Studio Solution File, Format Version 12.00
# Visual Studio Version 17
VisualStudioVersion = 17.14.36717.8
MinimumVisualStudioVersion = 10.0.40219.1
Project("{FAE04EC0-301F-11D3-BF4B-00C04F79EFBC}") = "PopupBlocker", "PopupBlocker\PopupBlocker.csproj", "{267773D5-872F-40CD-95FA-92B56A7A9538}"
EndProject
Project("{FAE04EC0-301F-11D3-BF4B-00C04F79EFBC}") = "PopupBlocker.Utility", "PopupBlocker.Utility\PopupBlocker.Utility.csproj", "{F75C7762-48A4-465F-A15A-347ED5A9DC66}"
EndProject
Project("{FAE04EC0-301F-11D3-BF4B-00C04F79EFBC}") = "PopupBlocker.Core", "PopupBlocker.Core\PopupBlocker.Core.csproj", "{753797AD-B813-48C0-B4C5-9FC342F4A15D}"
EndProject
Project("{2150E333-8FDC-42A3-9474-1A3956D46DE8}") = "SolutionItems", "SolutionItems", "{02EA681E-C7D8-13C7-8484-4AC65E1B71E8}"
	ProjectSection(SolutionItems) = preProject
		Directory.Build.props = Directory.Build.props
		Directory.Packages.props = Directory.Packages.props
		LICENSE.txt = LICENSE.txt
		README.md = README.md
		VersionLog.md = VersionLog.md
	EndProjectSection
EndProject
Project("{54435603-DBB4-11D2-8724-00A0C9A8B90C}") = "PopupBlocker.Setup", "PopupBlocker.Setup\PopupBlocker.Setup.vdproj", "{CCDB882E-1EDC-798E-AB1B-643D35130F26}"
EndProject
Global
	GlobalSection(SolutionConfigurationPlatforms) = preSolution
		Debug|Any CPU = Debug|Any CPU
		Release|Any CPU = Release|Any CPU
	EndGlobalSection
	GlobalSection(ProjectConfigurationPlatforms) = postSolution
		{267773D5-872F-40CD-95FA-92B56A7A9538}.Debug|Any CPU.ActiveCfg = Debug|Any CPU
		{267773D5-872F-40CD-95FA-92B56A7A9538}.Debug|Any CPU.Build.0 = Debug|Any CPU
		{267773D5-872F-40CD-95FA-92B56A7A9538}.Release|Any CPU.ActiveCfg = Release|Any CPU
		{267773D5-872F-40CD-95FA-92B56A7A9538}.Release|Any CPU.Build.0 = Release|Any CPU
		{F75C7762-48A4-465F-A15A-347ED5A9DC66}.Debug|Any CPU.ActiveCfg = Debug|Any CPU
		{F75C7762-48A4-465F-A15A-347ED5A9DC66}.Debug|Any CPU.Build.0 = Debug|Any CPU
		{F75C7762-48A4-465F-A15A-347ED5A9DC66}.Release|Any CPU.ActiveCfg = Release|Any CPU
		{F75C7762-48A4-465F-A15A-347ED5A9DC66}.Release|Any CPU.Build.0 = Release|Any CPU
		{753797AD-B813-48C0-B4C5-9FC342F4A15D}.Debug|Any CPU.ActiveCfg = Debug|Any CPU
		{753797AD-B813-48C0-B4C5-9FC342F4A15D}.Debug|Any CPU.Build.0 = Debug|Any CPU
		{753797AD-B813-48C0-B4C5-9FC342F4A15D}.Release|Any CPU.ActiveCfg = Release|Any CPU
		{753797AD-B813-48C0-B4C5-9FC342F4A15D}.Release|Any CPU.Build.0 = Release|Any CPU
		{CCDB882E-1EDC-798E-AB1B-643D35130F26}.Debug|Any CPU.ActiveCfg = Debug
		{CCDB882E-1EDC-798E-AB1B-643D35130F26}.Debug|Any CPU.Build.0 = Debug
		{CCDB882E-1EDC-798E-AB1B-643D35130F26}.Release|Any CPU.ActiveCfg = Release
		{CCDB882E-1EDC-798E-AB1B-643D35130F26}.Release|Any CPU.Build.0 = Release
	EndGlobalSection
	GlobalSection(SolutionProperties) = preSolution
		HideSolutionNode = FALSE
	EndGlobalSection
	GlobalSection(ExtensibilityGlobals) = postSolution
		SolutionGuid = {602C9FE5-B4B7-419A-98FE-0943283F03FD}
	EndGlobalSection
EndGlobal
